
Microsoft Visual Studio Solution File, Format Version 12.00
# Visual Studio Version 16
VisualStudioVersion = 16.0.31005.135
MinimumVisualStudioVersion = 10.0.40219.1
Project("{FAE04EC0-301F-11D3-BF4B-00C04F79EFBC}") = "TestProjectOpenSDK", "TestProjectOpenSDK\TestProjectOpenSDK.csproj", "{7086E63D-08E1-4921-92C1-A8B460E1F2A8}"
EndProject
Global
	GlobalSection(SolutionConfigurationPlatforms) = preSolution
		Debug|Any CPU = Debug|Any CPU
		Release|Any CPU = Release|Any CPU
	EndGlobalSection
	GlobalSection(ProjectConfigurationPlatforms) = postSolution
		{7086E63D-08E1-4921-92C1-A8B460E1F2A8}.Debug|Any CPU.ActiveCfg = Debug|Any CPU
		{7086E63D-08E1-4921-92C1-A8B460E1F2A8}.Debug|Any CPU.Build.0 = Debug|Any CPU
		{7086E63D-08E1-4921-92C1-A8B460E1F2A8}.Release|Any CPU.ActiveCfg = Release|Any CPU
		{7086E63D-08E1-4921-92C1-A8B460E1F2A8}.Release|Any CPU.Build.0 = Release|Any CPU
	EndGlobalSection
	GlobalSection(SolutionProperties) = preSolution
		HideSolutionNode = FALSE
	EndGlobalSection
	GlobalSection(ExtensibilityGlobals) = postSolution
		SolutionGuid = {8091FB5F-BE19-4E82-9A27-A531CA16C50B}
	EndGlobalSection
EndGlobal
